
Microsoft Visual Studio Solution File, Format Version 12.00
# Visual Studio 15
VisualStudioVersion = 15.0.26430.16
MinimumVisualStudioVersion = 10.0.40219.1
Project("{2150E333-8FDC-42A3-9474-1A3956D46DE8}") = "01_Infrastructure", "01_Infrastructure", "{9DA54C2D-6302-48FE-BAD7-D9C7EB1A6E6A}"
EndProject
Project("{2150E333-8FDC-42A3-9474-1A3956D46DE8}") = "02_Core", "02_Core", "{A2DDACA3-6B13-4B12-8AEC-A7DAAFD4B435}"
EndProject
Project("{2150E333-8FDC-42A3-9474-1A3956D46DE8}") = "03_Services", "03_Services", "{2CD5704C-C4F5-4140-AFC5-F9B39C814E3B}"
EndProject
Project("{2150E333-8FDC-42A3-9474-1A3956D46DE8}") = "04_UI", "04_UI", "{732F69DD-55CD-412C-B008-6F16742D9346}"
EndProject
Project("{2150E333-8FDC-42A3-9474-1A3956D46DE8}") = "05_Client", "05_Client", "{4EEAA624-DBB7-42BB-B313-804EE95AE8FE}"
EndProject
Project("{2150E333-8FDC-42A3-9474-1A3956D46DE8}") = "06_Installers", "06_Installers", "{B425CF53-6371-4ECB-A45E-6DF80C869762}"
EndProject
Project("{FAE04EC0-301F-11D3-BF4B-00C04F79EFBC}") = "Kdr.UI.MVC", "Kdr.UI.MVC\Kdr.UI.MVC.csproj", "{28ABD58C-34A7-4D21-9F13-9C56116AE8A1}"
EndProject
Project("{FAE04EC0-301F-11D3-BF4B-00C04F79EFBC}") = "Kdr.Services.Tests", "Kdr.Services.Tests\Kdr.Services.Tests.csproj", "{B95A2ED0-258E-42C9-8459-7846F6416759}"
EndProject
Project("{FAE04EC0-301F-11D3-BF4B-00C04F79EFBC}") = "Kdr.Shared", "Kdr.Shared\Kdr.Shared.csproj", "{A162BD56-04DB-46D4-BE6F-3982184CF9DF}"
EndProject
Project("{FAE04EC0-301F-11D3-BF4B-00C04F79EFBC}") = "Kdr.Shared.Tests", "Kdr.Shared.Tests\Kdr.Shared.Tests.csproj", "{CDD2CC54-ECF1-4063-A640-0D022F759FAA}"
EndProject
Project("{FAE04EC0-301F-11D3-BF4B-00C04F79EFBC}") = "Kdr.Core", "Kdr.Core\Kdr.Core.csproj", "{C633603A-6376-4DE6-8019-1C56A0E5E85D}"
EndProject
Project("{FAE04EC0-301F-11D3-BF4B-00C04F79EFBC}") = "Kdr.Core.Tests", "Kdr.Core.Tests\Kdr.Core.Tests.csproj", "{F30C7CB8-382A-4200-9608-B57583B1A4EC}"
EndProject
Project("{FAE04EC0-301F-11D3-BF4B-00C04F79EFBC}") = "Kdr.ServiceInterfaces", "Kdr.ServiceInterfaces\Kdr.ServiceInterfaces.csproj", "{86B6FD73-71C0-4371-AA52-4CD2D1B307CF}"
EndProject
Project("{FAE04EC0-301F-11D3-BF4B-00C04F79EFBC}") = "Kdr.Database.MongoDB", "Kdr.Database.MongoDB\Kdr.Database.MongoDB.csproj", "{586BF81C-45B2-4A55-B845-DE5D20232F16}"
EndProject
Project("{FAE04EC0-301F-11D3-BF4B-00C04F79EFBC}") = "Kdr.Services", "Kdr.Services\Kdr.Services.csproj", "{F8ADE35E-5B16-4286-99DA-1CAC7F023C47}"
EndProject
Project("{FAE04EC0-301F-11D3-BF4B-00C04F79EFBC}") = "Kdr.ServicesInitializer", "Kdr.ServicesInitializer\Kdr.ServicesInitializer.csproj", "{30510035-85C6-4290-8770-763619558A62}"
EndProject
Project("{FAE04EC0-301F-11D3-BF4B-00C04F79EFBC}") = "Kdr.Database.MongoDB.Tests", "Kdr.Database.MongoDB.Tests\Kdr.Database.MongoDB.Tests.csproj", "{D6D1009C-D1DC-42FA-8A48-7A3242C00A6F}"
EndProject
Project("{FAE04EC0-301F-11D3-BF4B-00C04F79EFBC}") = "Kdr.Database.LiteDb", "Kdr.Database.LiteDb\Kdr.Database.LiteDb.csproj", "{98DE5E1F-E7B9-4404-8B16-4257F4520CB6}"
EndProject
Project("{FAE04EC0-301F-11D3-BF4B-00C04F79EFBC}") = "Kdr.Database.LiteDb.Tests", "Kdr.Database.LiteDb.Tests\Kdr.Database.LiteDb.Tests.csproj", "{924CD39A-2116-4ED0-B038-83F23945A71B}"
EndProject
Global
	GlobalSection(SolutionConfigurationPlatforms) = preSolution
		Debug|Any CPU = Debug|Any CPU
		Release|Any CPU = Release|Any CPU
	EndGlobalSection
	GlobalSection(ProjectConfigurationPlatforms) = postSolution
		{28ABD58C-34A7-4D21-9F13-9C56116AE8A1}.Debug|Any CPU.ActiveCfg = Debug|Any CPU
		{28ABD58C-34A7-4D21-9F13-9C56116AE8A1}.Debug|Any CPU.Build.0 = Debug|Any CPU
		{28ABD58C-34A7-4D21-9F13-9C56116AE8A1}.Release|Any CPU.ActiveCfg = Release|Any CPU
		{28ABD58C-34A7-4D21-9F13-9C56116AE8A1}.Release|Any CPU.Build.0 = Release|Any CPU
		{B95A2ED0-258E-42C9-8459-7846F6416759}.Debug|Any CPU.ActiveCfg = Debug|Any CPU
		{B95A2ED0-258E-42C9-8459-7846F6416759}.Debug|Any CPU.Build.0 = Debug|Any CPU
		{B95A2ED0-258E-42C9-8459-7846F6416759}.Release|Any CPU.ActiveCfg = Release|Any CPU
		{B95A2ED0-258E-42C9-8459-7846F6416759}.Release|Any CPU.Build.0 = Release|Any CPU
		{A162BD56-04DB-46D4-BE6F-3982184CF9DF}.Debug|Any CPU.ActiveCfg = Debug|Any CPU
		{A162BD56-04DB-46D4-BE6F-3982184CF9DF}.Debug|Any CPU.Build.0 = Debug|Any CPU
		{A162BD56-04DB-46D4-BE6F-3982184CF9DF}.Release|Any CPU.ActiveCfg = Release|Any CPU
		{A162BD56-04DB-46D4-BE6F-3982184CF9DF}.Release|Any CPU.Build.0 = Release|Any CPU
		{CDD2CC54-ECF1-4063-A640-0D022F759FAA}.Debug|Any CPU.ActiveCfg = Debug|Any CPU
		{CDD2CC54-ECF1-4063-A640-0D022F759FAA}.Debug|Any CPU.Build.0 = Debug|Any CPU
		{CDD2CC54-ECF1-4063-A640-0D022F759FAA}.Release|Any CPU.ActiveCfg = Release|Any CPU
		{CDD2CC54-ECF1-4063-A640-0D022F759FAA}.Release|Any CPU.Build.0 = Release|Any CPU
		{C633603A-6376-4DE6-8019-1C56A0E5E85D}.Debug|Any CPU.ActiveCfg = Debug|Any CPU
		{C633603A-6376-4DE6-8019-1C56A0E5E85D}.Debug|Any CPU.Build.0 = Debug|Any CPU
		{C633603A-6376-4DE6-8019-1C56A0E5E85D}.Release|Any CPU.ActiveCfg = Release|Any CPU
		{C633603A-6376-4DE6-8019-1C56A0E5E85D}.Release|Any CPU.Build.0 = Release|Any CPU
		{F30C7CB8-382A-4200-9608-B57583B1A4EC}.Debug|Any CPU.ActiveCfg = Debug|Any CPU
		{F30C7CB8-382A-4200-9608-B57583B1A4EC}.Debug|Any CPU.Build.0 = Debug|Any CPU
		{F30C7CB8-382A-4200-9608-B57583B1A4EC}.Release|Any CPU.ActiveCfg = Release|Any CPU
		{F30C7CB8-382A-4200-9608-B57583B1A4EC}.Release|Any CPU.Build.0 = Release|Any CPU
		{86B6FD73-71C0-4371-AA52-4CD2D1B307CF}.Debug|Any CPU.ActiveCfg = Debug|Any CPU
		{86B6FD73-71C0-4371-AA52-4CD2D1B307CF}.Debug|Any CPU.Build.0 = Debug|Any CPU
		{86B6FD73-71C0-4371-AA52-4CD2D1B307CF}.Release|Any CPU.ActiveCfg = Release|Any CPU
		{86B6FD73-71C0-4371-AA52-4CD2D1B307CF}.Release|Any CPU.Build.0 = Release|Any CPU
		{586BF81C-45B2-4A55-B845-DE5D20232F16}.Debug|Any CPU.ActiveCfg = Debug|Any CPU
		{586BF81C-45B2-4A55-B845-DE5D20232F16}.Debug|Any CPU.Build.0 = Debug|Any CPU
		{586BF81C-45B2-4A55-B845-DE5D20232F16}.Release|Any CPU.ActiveCfg = Release|Any CPU
		{586BF81C-45B2-4A55-B845-DE5D20232F16}.Release|Any CPU.Build.0 = Release|Any CPU
		{F8ADE35E-5B16-4286-99DA-1CAC7F023C47}.Debug|Any CPU.ActiveCfg = Debug|Any CPU
		{F8ADE35E-5B16-4286-99DA-1CAC7F023C47}.Debug|Any CPU.Build.0 = Debug|Any CPU
		{F8ADE35E-5B16-4286-99DA-1CAC7F023C47}.Release|Any CPU.ActiveCfg = Release|Any CPU
		{F8ADE35E-5B16-4286-99DA-1CAC7F023C47}.Release|Any CPU.Build.0 = Release|Any CPU
		{30510035-85C6-4290-8770-763619558A62}.Debug|Any CPU.ActiveCfg = Debug|Any CPU
		{30510035-85C6-4290-8770-763619558A62}.Debug|Any CPU.Build.0 = Debug|Any CPU
		{30510035-85C6-4290-8770-763619558A62}.Release|Any CPU.ActiveCfg = Release|Any CPU
		{30510035-85C6-4290-8770-763619558A62}.Release|Any CPU.Build.0 = Release|Any CPU
		{D6D1009C-D1DC-42FA-8A48-7A3242C00A6F}.Debug|Any CPU.ActiveCfg = Debug|Any CPU
		{D6D1009C-D1DC-42FA-8A48-7A3242C00A6F}.Debug|Any CPU.Build.0 = Debug|Any CPU
		{D6D1009C-D1DC-42FA-8A48-7A3242C00A6F}.Release|Any CPU.ActiveCfg = Release|Any CPU
		{D6D1009C-D1DC-42FA-8A48-7A3242C00A6F}.Release|Any CPU.Build.0 = Release|Any CPU
		{98DE5E1F-E7B9-4404-8B16-4257F4520CB6}.Debug|Any CPU.ActiveCfg = Debug|Any CPU
		{98DE5E1F-E7B9-4404-8B16-4257F4520CB6}.Debug|Any CPU.Build.0 = Debug|Any CPU
		{98DE5E1F-E7B9-4404-8B16-4257F4520CB6}.Release|Any CPU.ActiveCfg = Release|Any CPU
		{98DE5E1F-E7B9-4404-8B16-4257F4520CB6}.Release|Any CPU.Build.0 = Release|Any CPU
		{924CD39A-2116-4ED0-B038-83F23945A71B}.Debug|Any CPU.ActiveCfg = Debug|Any CPU
		{924CD39A-2116-4ED0-B038-83F23945A71B}.Debug|Any CPU.Build.0 = Debug|Any CPU
		{924CD39A-2116-4ED0-B038-83F23945A71B}.Release|Any CPU.ActiveCfg = Release|Any CPU
		{924CD39A-2116-4ED0-B038-83F23945A71B}.Release|Any CPU.Build.0 = Release|Any CPU
	EndGlobalSection
	GlobalSection(SolutionProperties) = preSolution
		HideSolutionNode = FALSE
	EndGlobalSection
	GlobalSection(NestedProjects) = preSolution
		{28ABD58C-34A7-4D21-9F13-9C56116AE8A1} = {732F69DD-55CD-412C-B008-6F16742D9346}
		{B95A2ED0-258E-42C9-8459-7846F6416759} = {2CD5704C-C4F5-4140-AFC5-F9B39C814E3B}
		{A162BD56-04DB-46D4-BE6F-3982184CF9DF} = {9DA54C2D-6302-48FE-BAD7-D9C7EB1A6E6A}
		{CDD2CC54-ECF1-4063-A640-0D022F759FAA} = {9DA54C2D-6302-48FE-BAD7-D9C7EB1A6E6A}
		{C633603A-6376-4DE6-8019-1C56A0E5E85D} = {A2DDACA3-6B13-4B12-8AEC-A7DAAFD4B435}
		{F30C7CB8-382A-4200-9608-B57583B1A4EC} = {A2DDACA3-6B13-4B12-8AEC-A7DAAFD4B435}
		{86B6FD73-71C0-4371-AA52-4CD2D1B307CF} = {A2DDACA3-6B13-4B12-8AEC-A7DAAFD4B435}
		{586BF81C-45B2-4A55-B845-DE5D20232F16} = {2CD5704C-C4F5-4140-AFC5-F9B39C814E3B}
		{F8ADE35E-5B16-4286-99DA-1CAC7F023C47} = {2CD5704C-C4F5-4140-AFC5-F9B39C814E3B}
		{30510035-85C6-4290-8770-763619558A62} = {2CD5704C-C4F5-4140-AFC5-F9B39C814E3B}
		{D6D1009C-D1DC-42FA-8A48-7A3242C00A6F} = {2CD5704C-C4F5-4140-AFC5-F9B39C814E3B}
		{98DE5E1F-E7B9-4404-8B16-4257F4520CB6} = {2CD5704C-C4F5-4140-AFC5-F9B39C814E3B}
		{924CD39A-2116-4ED0-B038-83F23945A71B} = {2CD5704C-C4F5-4140-AFC5-F9B39C814E3B}
	EndGlobalSection
EndGlobal
