
Microsoft Visual Studio Solution File, Format Version 12.00
# Visual Studio 15
VisualStudioVersion = 15.0.26430.12
MinimumVisualStudioVersion = 10.0.40219.1
Project("{2150E333-8FDC-42A3-9474-1A3956D46DE8}") = "01_Infrastructure", "01_Infrastructure", "{9DA54C2D-6302-48FE-BAD7-D9C7EB1A6E6A}"
EndProject
Project("{2150E333-8FDC-42A3-9474-1A3956D46DE8}") = "02_Core", "02_Core", "{A2DDACA3-6B13-4B12-8AEC-A7DAAFD4B435}"
EndProject
Project("{2150E333-8FDC-42A3-9474-1A3956D46DE8}") = "03_Services", "03_Services", "{2CD5704C-C4F5-4140-AFC5-F9B39C814E3B}"
EndProject
Project("{2150E333-8FDC-42A3-9474-1A3956D46DE8}") = "04_UI", "04_UI", "{732F69DD-55CD-412C-B008-6F16742D9346}"
EndProject
Project("{2150E333-8FDC-42A3-9474-1A3956D46DE8}") = "05_Client", "05_Client", "{4EEAA624-DBB7-42BB-B313-804EE95AE8FE}"
EndProject
Project("{2150E333-8FDC-42A3-9474-1A3956D46DE8}") = "06_Installers", "06_Installers", "{B425CF53-6371-4ECB-A45E-6DF80C869762}"
EndProject
Project("{9A19103F-16F7-4668-BE54-9A1E7A4F7556}") = "Kdr.Shared", "Kdr.Shared\Kdr.Shared.csproj", "{23111B4C-DF8C-4E6D-AEE4-EB6A553EC9C7}"
EndProject
Project("{9A19103F-16F7-4668-BE54-9A1E7A4F7556}") = "Kdr.Core", "Kdr.Core\Kdr.Core.csproj", "{2C78F05A-8638-41E1-9933-DD98B1E163AD}"
EndProject
Project("{9A19103F-16F7-4668-BE54-9A1E7A4F7556}") = "Kdr.ServiceInterfaces", "Kdr.ServiceInterfaces\Kdr.ServiceInterfaces.csproj", "{99FE6924-CD39-4567-BCB4-28A605EDF08B}"
EndProject
Project("{9A19103F-16F7-4668-BE54-9A1E7A4F7556}") = "Kdr.Services", "Kdr.Services\Kdr.Services.csproj", "{174DC916-9EF6-4C38-9406-ACB4D9A97C6E}"
EndProject
Project("{9A19103F-16F7-4668-BE54-9A1E7A4F7556}") = "Kdr.Database.MongoDB", "Kdr.Database.MongoDB\Kdr.Database.MongoDB.csproj", "{C06E3DF6-C287-489F-B243-BCC79C3DE621}"
EndProject
Project("{FAE04EC0-301F-11D3-BF4B-00C04F79EFBC}") = "Kdr.UI.MVC", "Kdr.UI.MVC\Kdr.UI.MVC.csproj", "{28ABD58C-34A7-4D21-9F13-9C56116AE8A1}"
EndProject
Project("{FAE04EC0-301F-11D3-BF4B-00C04F79EFBC}") = "Kdr.Core.Tests", "Kdr.Core.Tests\Kdr.Core.Tests.csproj", "{92B08630-4F3B-4BAD-8813-32527BE69E0B}"
EndProject
Project("{FAE04EC0-301F-11D3-BF4B-00C04F79EFBC}") = "Kdr.Shared.Tests", "Kdr.Shared.Tests\Kdr.Shared.Tests.csproj", "{EE4F1735-98B4-4733-B864-BE9F14748F1D}"
EndProject
Global
	GlobalSection(SolutionConfigurationPlatforms) = preSolution
		Debug|Any CPU = Debug|Any CPU
		Release|Any CPU = Release|Any CPU
	EndGlobalSection
	GlobalSection(ProjectConfigurationPlatforms) = postSolution
		{23111B4C-DF8C-4E6D-AEE4-EB6A553EC9C7}.Debug|Any CPU.ActiveCfg = Debug|Any CPU
		{23111B4C-DF8C-4E6D-AEE4-EB6A553EC9C7}.Debug|Any CPU.Build.0 = Debug|Any CPU
		{23111B4C-DF8C-4E6D-AEE4-EB6A553EC9C7}.Release|Any CPU.ActiveCfg = Release|Any CPU
		{23111B4C-DF8C-4E6D-AEE4-EB6A553EC9C7}.Release|Any CPU.Build.0 = Release|Any CPU
		{2C78F05A-8638-41E1-9933-DD98B1E163AD}.Debug|Any CPU.ActiveCfg = Debug|Any CPU
		{2C78F05A-8638-41E1-9933-DD98B1E163AD}.Debug|Any CPU.Build.0 = Debug|Any CPU
		{2C78F05A-8638-41E1-9933-DD98B1E163AD}.Release|Any CPU.ActiveCfg = Release|Any CPU
		{2C78F05A-8638-41E1-9933-DD98B1E163AD}.Release|Any CPU.Build.0 = Release|Any CPU
		{99FE6924-CD39-4567-BCB4-28A605EDF08B}.Debug|Any CPU.ActiveCfg = Debug|Any CPU
		{99FE6924-CD39-4567-BCB4-28A605EDF08B}.Debug|Any CPU.Build.0 = Debug|Any CPU
		{99FE6924-CD39-4567-BCB4-28A605EDF08B}.Release|Any CPU.ActiveCfg = Release|Any CPU
		{99FE6924-CD39-4567-BCB4-28A605EDF08B}.Release|Any CPU.Build.0 = Release|Any CPU
		{174DC916-9EF6-4C38-9406-ACB4D9A97C6E}.Debug|Any CPU.ActiveCfg = Debug|Any CPU
		{174DC916-9EF6-4C38-9406-ACB4D9A97C6E}.Debug|Any CPU.Build.0 = Debug|Any CPU
		{174DC916-9EF6-4C38-9406-ACB4D9A97C6E}.Release|Any CPU.ActiveCfg = Release|Any CPU
		{174DC916-9EF6-4C38-9406-ACB4D9A97C6E}.Release|Any CPU.Build.0 = Release|Any CPU
		{C06E3DF6-C287-489F-B243-BCC79C3DE621}.Debug|Any CPU.ActiveCfg = Debug|Any CPU
		{C06E3DF6-C287-489F-B243-BCC79C3DE621}.Debug|Any CPU.Build.0 = Debug|Any CPU
		{C06E3DF6-C287-489F-B243-BCC79C3DE621}.Release|Any CPU.ActiveCfg = Release|Any CPU
		{C06E3DF6-C287-489F-B243-BCC79C3DE621}.Release|Any CPU.Build.0 = Release|Any CPU
		{28ABD58C-34A7-4D21-9F13-9C56116AE8A1}.Debug|Any CPU.ActiveCfg = Debug|Any CPU
		{28ABD58C-34A7-4D21-9F13-9C56116AE8A1}.Debug|Any CPU.Build.0 = Debug|Any CPU
		{28ABD58C-34A7-4D21-9F13-9C56116AE8A1}.Release|Any CPU.ActiveCfg = Release|Any CPU
		{28ABD58C-34A7-4D21-9F13-9C56116AE8A1}.Release|Any CPU.Build.0 = Release|Any CPU
		{92B08630-4F3B-4BAD-8813-32527BE69E0B}.Debug|Any CPU.ActiveCfg = Debug|Any CPU
		{92B08630-4F3B-4BAD-8813-32527BE69E0B}.Debug|Any CPU.Build.0 = Debug|Any CPU
		{92B08630-4F3B-4BAD-8813-32527BE69E0B}.Release|Any CPU.ActiveCfg = Release|Any CPU
		{92B08630-4F3B-4BAD-8813-32527BE69E0B}.Release|Any CPU.Build.0 = Release|Any CPU
		{EE4F1735-98B4-4733-B864-BE9F14748F1D}.Debug|Any CPU.ActiveCfg = Debug|Any CPU
		{EE4F1735-98B4-4733-B864-BE9F14748F1D}.Debug|Any CPU.Build.0 = Debug|Any CPU
		{EE4F1735-98B4-4733-B864-BE9F14748F1D}.Release|Any CPU.ActiveCfg = Release|Any CPU
		{EE4F1735-98B4-4733-B864-BE9F14748F1D}.Release|Any CPU.Build.0 = Release|Any CPU
	EndGlobalSection
	GlobalSection(SolutionProperties) = preSolution
		HideSolutionNode = FALSE
	EndGlobalSection
	GlobalSection(NestedProjects) = preSolution
		{23111B4C-DF8C-4E6D-AEE4-EB6A553EC9C7} = {9DA54C2D-6302-48FE-BAD7-D9C7EB1A6E6A}
		{2C78F05A-8638-41E1-9933-DD98B1E163AD} = {A2DDACA3-6B13-4B12-8AEC-A7DAAFD4B435}
		{99FE6924-CD39-4567-BCB4-28A605EDF08B} = {A2DDACA3-6B13-4B12-8AEC-A7DAAFD4B435}
		{174DC916-9EF6-4C38-9406-ACB4D9A97C6E} = {2CD5704C-C4F5-4140-AFC5-F9B39C814E3B}
		{C06E3DF6-C287-489F-B243-BCC79C3DE621} = {2CD5704C-C4F5-4140-AFC5-F9B39C814E3B}
		{28ABD58C-34A7-4D21-9F13-9C56116AE8A1} = {732F69DD-55CD-412C-B008-6F16742D9346}
		{92B08630-4F3B-4BAD-8813-32527BE69E0B} = {A2DDACA3-6B13-4B12-8AEC-A7DAAFD4B435}
		{EE4F1735-98B4-4733-B864-BE9F14748F1D} = {9DA54C2D-6302-48FE-BAD7-D9C7EB1A6E6A}
	EndGlobalSection
EndGlobal
